{
  "name": "@haiyangbg/buildbeat",
  "version": "4.0.0-dev.0",
  "lockfileVersion": 3,
  "requires": true,
  "packages": {
    "": {
      "name": "@haiyangbg/buildbeat",
      "version": "4.0.0-dev.0",
      "license": "MIT",
      "bin": {
        "buildbeat": "bin/buildbeat.js"
      },
      "engines": {
        "node": ">=20"
      }
    }
  }
}
