{
  "name": "@haiyangbg/buildbeat",
  "version": "2.0.0-beta.4",
  "lockfileVersion": 3,
  "requires": true,
  "packages": {
    "": {
      "name": "@haiyangbg/buildbeat",
      "version": "2.0.0-beta.4",
      "license": "MIT",
      "bin": {
        "buildbeat": "bin/buildbeat.js",
        "buildbeat-v2": "bin/buildbeat-v2.js",
        "solobaton": "bin/solobaton.js"
      },
      "engines": {
        "node": ">=20"
      }
    }
  }
}
