{
  "name": "solobaton",
  "version": "1.16.2",
  "lockfileVersion": 3,
  "requires": true,
  "packages": {
    "": {
      "name": "solobaton",
      "version": "1.16.2",
      "license": "MIT",
      "bin": {
        "solobaton": "bin/solobaton.js"
      },
      "engines": {
        "node": ">=20"
      }
    }
  }
}
